
Microsoft Visual Studio Solution File, Format Version 12.00
# Visual Studio Version 16
VisualStudioVersion = 16.0.29521.150
MinimumVisualStudioVersion = 10.0.40219.1
Project("{9A19103F-16F7-4668-BE54-9A1E7A4F7556}") = "DumpAsmRefs", "src\DumpAsmRefs\DumpAsmRefs.csproj", "{D6934E08-EF99-4152-BFBF-25EA76610865}"
EndProject
Project("{9A19103F-16F7-4668-BE54-9A1E7A4F7556}") = "DumpAsmRefs.Tests", "tests\DumpAsmRefs.Tests\DumpAsmRefs.Tests.csproj", "{A401D608-B05C-4CE1-A3A4-51ABF63940D7}"
EndProject
Global
	GlobalSection(SolutionConfigurationPlatforms) = preSolution
		Debug|Any CPU = Debug|Any CPU
		Release|Any CPU = Release|Any CPU
	EndGlobalSection
	GlobalSection(ProjectConfigurationPlatforms) = postSolution
		{D6934E08-EF99-4152-BFBF-25EA76610865}.Debug|Any CPU.ActiveCfg = Debug|Any CPU
		{D6934E08-EF99-4152-BFBF-25EA76610865}.Debug|Any CPU.Build.0 = Debug|Any CPU
		{D6934E08-EF99-4152-BFBF-25EA76610865}.Release|Any CPU.ActiveCfg = Release|Any CPU
		{D6934E08-EF99-4152-BFBF-25EA76610865}.Release|Any CPU.Build.0 = Release|Any CPU
		{A401D608-B05C-4CE1-A3A4-51ABF63940D7}.Debug|Any CPU.ActiveCfg = Debug|Any CPU
		{A401D608-B05C-4CE1-A3A4-51ABF63940D7}.Debug|Any CPU.Build.0 = Debug|Any CPU
		{A401D608-B05C-4CE1-A3A4-51ABF63940D7}.Release|Any CPU.ActiveCfg = Release|Any CPU
		{A401D608-B05C-4CE1-A3A4-51ABF63940D7}.Release|Any CPU.Build.0 = Release|Any CPU
	EndGlobalSection
	GlobalSection(SolutionProperties) = preSolution
		HideSolutionNode = FALSE
	EndGlobalSection
	GlobalSection(ExtensibilityGlobals) = postSolution
		SolutionGuid = {CB35C6C5-E29E-491F-8F51-D6762C30F12D}
	EndGlobalSection
EndGlobal
